
Microsoft Visual Studio Solution File, Format Version 12.00
# Visual Studio Version 17
VisualStudioVersion = 17.14.36518.9 d17.14
MinimumVisualStudioVersion = 10.0.40219.1
Project("{FAE04EC0-301F-11D3-BF4B-00C04F79EFBC}") = "TestAO1145WPF", "TestAO1145WPF\TestAO1145WPF.csproj", "{8369D0B7-9FE3-48B1-9107-26E6BB23F075}"
EndProject
Global
	GlobalSection(SolutionConfigurationPlatforms) = preSolution
		Debug|Any CPU = Debug|Any CPU
		Release|Any CPU = Release|Any CPU
	EndGlobalSection
	GlobalSection(ProjectConfigurationPlatforms) = postSolution
		{8369D0B7-9FE3-48B1-9107-26E6BB23F075}.Debug|Any CPU.ActiveCfg = Debug|Any CPU
		{8369D0B7-9FE3-48B1-9107-26E6BB23F075}.Debug|Any CPU.Build.0 = Debug|Any CPU
		{8369D0B7-9FE3-48B1-9107-26E6BB23F075}.Release|Any CPU.ActiveCfg = Release|Any CPU
		{8369D0B7-9FE3-48B1-9107-26E6BB23F075}.Release|Any CPU.Build.0 = Release|Any CPU
	EndGlobalSection
	GlobalSection(SolutionProperties) = preSolution
		HideSolutionNode = FALSE
	EndGlobalSection
	GlobalSection(ExtensibilityGlobals) = postSolution
		SolutionGuid = {12DE6F07-9CA7-4F28-964A-0D2D8BC32743}
	EndGlobalSection
EndGlobal
